
Microsoft Visual Studio Solution File, Format Version 12.00
# Visual Studio Version 16
VisualStudioVersion = 16.0.34114.132
MinimumVisualStudioVersion = 10.0.40219.1
Project("{9092AA53-FB77-4645-B42D-1CCCA6BD08BD}") = "VuejsApp2019", "VuejsApp2019\VuejsApp2019.njsproj", "{27DBC6AF-8684-4D68-8A6D-C057FE323D6A}"
EndProject
Global
	GlobalSection(SolutionConfigurationPlatforms) = preSolution
		Debug|Any CPU = Debug|Any CPU
		Release|Any CPU = Release|Any CPU
	EndGlobalSection
	GlobalSection(ProjectConfigurationPlatforms) = postSolution
		{27DBC6AF-8684-4D68-8A6D-C057FE323D6A}.Debug|Any CPU.ActiveCfg = Debug|Any CPU
		{27DBC6AF-8684-4D68-8A6D-C057FE323D6A}.Debug|Any CPU.Build.0 = Debug|Any CPU
		{27DBC6AF-8684-4D68-8A6D-C057FE323D6A}.Release|Any CPU.ActiveCfg = Release|Any CPU
		{27DBC6AF-8684-4D68-8A6D-C057FE323D6A}.Release|Any CPU.Build.0 = Release|Any CPU
	EndGlobalSection
	GlobalSection(SolutionProperties) = preSolution
		HideSolutionNode = FALSE
	EndGlobalSection
	GlobalSection(ExtensibilityGlobals) = postSolution
		SolutionGuid = {9DC872B0-9610-4CB3-AFFE-F42D72C1D0FA}
	EndGlobalSection
EndGlobal
